// !$*UTF8*$!
{
	archiveVersion = 1;
	classes = {
	};
	objectVersion = 56;
	objects = {

/* Begin PBXBuildFile section */
		3561B7442C81B3AC009C4B2A /* NoticeViewController.swift in Sources */ = {isa = PBXBuildFile; fileRef = 3561B7432C81B3AC009C4B2A /* NoticeViewController.swift */; };
		3561B7462C81B3D6009C4B2A /* NoticeContentsViewController.swift in Sources */ = {isa = PBXBuildFile; fileRef = 3561B7452C81B3D6009C4B2A /* NoticeContentsViewController.swift */; };
		552B55852C7B6D2E00F0C7FD /* AppDelegate.swift in Sources */ = {isa = PBXBuildFile; fileRef = 552B55842C7B6D2E00F0C7FD /* AppDelegate.swift */; };
		552B55872C7B6D2E00F0C7FD /* SceneDelegate.swift in Sources */ = {isa = PBXBuildFile; fileRef = 552B55862C7B6D2E00F0C7FD /* SceneDelegate.swift */; };
		552B55892C7B6D2E00F0C7FD /* LoginViewController.swift in Sources */ = {isa = PBXBuildFile; fileRef = 552B55882C7B6D2E00F0C7FD /* LoginViewController.swift */; };
		552B558E2C7B6D2F00F0C7FD /* Assets.xcassets in Resources */ = {isa = PBXBuildFile; fileRef = 552B558D2C7B6D2F00F0C7FD /* Assets.xcassets */; };
		552B55912C7B6D2F00F0C7FD /* Base in Resources */ = {isa = PBXBuildFile; fileRef = 552B55902C7B6D2F00F0C7FD /* Base */; };
		552B55992C7BFCB700F0C7FD /* SignUpViewController.swift in Sources */ = {isa = PBXBuildFile; fileRef = 552B55982C7BFCB700F0C7FD /* SignUpViewController.swift */; };
		552B559C2C7BFCE400F0C7FD /* SnapKit in Frameworks */ = {isa = PBXBuildFile; productRef = 552B559B2C7BFCE400F0C7FD /* SnapKit */; };
		552B559F2C7BFCEA00F0C7FD /* Then in Frameworks */ = {isa = PBXBuildFile; productRef = 552B559E2C7BFCEA00F0C7FD /* Then */; };
		5580004D2C7D96FB00A38D82 /* CheckMenuViewController.swift in Sources */ = {isa = PBXBuildFile; fileRef = 5580004C2C7D96FB00A38D82 /* CheckMenuViewController.swift */; };
		5580004F2C7D970C00A38D82 /* MenuViewController.swift in Sources */ = {isa = PBXBuildFile; fileRef = 5580004E2C7D970C00A38D82 /* MenuViewController.swift */; };
/* End PBXBuildFile section */

/* Begin PBXFileReference section */
		3561B7432C81B3AC009C4B2A /* NoticeViewController.swift */ = {isa = PBXFileReference; lastKnownFileType = sourcecode.swift; path = NoticeViewController.swift; sourceTree = "<group>"; };
		3561B7452C81B3D6009C4B2A /* NoticeContentsViewController.swift */ = {isa = PBXFileReference; lastKnownFileType = sourcecode.swift; path = NoticeContentsViewController.swift; sourceTree = "<group>"; };
		552B55812C7B6D2E00F0C7FD /* 10__CMD_iOS.app */ = {isa = PBXFileReference; explicitFileType = wrapper.application; includeInIndex = 0; path = 10__CMD_iOS.app; sourceTree = BUILT_PRODUCTS_DIR; };
		552B55842C7B6D2E00F0C7FD /* AppDelegate.swift */ = {isa = PBXFileReference; lastKnownFileType = sourcecode.swift; path = AppDelegate.swift; sourceTree = "<group>"; };
		552B55862C7B6D2E00F0C7FD /* SceneDelegate.swift */ = {isa = PBXFileReference; lastKnownFileType = sourcecode.swift; path = SceneDelegate.swift; sourceTree = "<group>"; };
		552B55882C7B6D2E00F0C7FD /* LoginViewController.swift */ = {isa = PBXFileReference; lastKnownFileType = sourcecode.swift; path = LoginViewController.swift; sourceTree = "<group>"; };
		552B558D2C7B6D2F00F0C7FD /* Assets.xcassets */ = {isa = PBXFileReference; lastKnownFileType = folder.assetcatalog; path = Assets.xcassets; sourceTree = "<group>"; };
		552B55902C7B6D2F00F0C7FD /* Base */ = {isa = PBXFileReference; lastKnownFileType = file.storyboard; name = Base; path = Base.lproj/LaunchScreen.storyboard; sourceTree = "<group>"; };
		552B55922C7B6D2F00F0C7FD /* Info.plist */ = {isa = PBXFileReference; lastKnownFileType = text.plist.xml; path = Info.plist; sourceTree = "<group>"; };
		552B55982C7BFCB700F0C7FD /* SignUpViewController.swift */ = {isa = PBXFileReference; lastKnownFileType = sourcecode.swift; path = SignUpViewController.swift; sourceTree = "<group>"; };
		5580004C2C7D96FB00A38D82 /* CheckMenuViewController.swift */ = {isa = PBXFileReference; lastKnownFileType = sourcecode.swift; path = CheckMenuViewController.swift; sourceTree = "<group>"; };
		5580004E2C7D970C00A38D82 /* MenuViewController.swift */ = {isa = PBXFileReference; lastKnownFileType = sourcecode.swift; path = MenuViewController.swift; sourceTree = "<group>"; };
/* End PBXFileReference section */

/* Begin PBXFrameworksBuildPhase section */
		552B557E2C7B6D2E00F0C7FD /* Frameworks */ = {
			isa = PBXFrameworksBuildPhase;
			buildActionMask = 2147483647;
			files = (
				552B559C2C7BFCE400F0C7FD /* SnapKit in Frameworks */,
				552B559F2C7BFCEA00F0C7FD /* Then in Frameworks */,
			);
			runOnlyForDeploymentPostprocessing = 0;
		};
/* End PBXFrameworksBuildPhase section */

/* Begin PBXGroup section */
		3561B7422C81B376009C4B2A /* Notice */ = {
			isa = PBXGroup;
			children = (
				3561B7432C81B3AC009C4B2A /* NoticeViewController.swift */,
				3561B7452C81B3D6009C4B2A /* NoticeContentsViewController.swift */,
			);
			path = Notice;
			sourceTree = "<group>";
		};
		552B55782C7B6D2E00F0C7FD = {
			isa = PBXGroup;
			children = (
				552B55832C7B6D2E00F0C7FD /* 10__CMD_iOS */,
				552B55822C7B6D2E00F0C7FD /* Products */,
			);
			sourceTree = "<group>";
		};
		552B55822C7B6D2E00F0C7FD /* Products */ = {
			isa = PBXGroup;
			children = (
				552B55812C7B6D2E00F0C7FD /* 10__CMD_iOS.app */,
			);
			name = Products;
			sourceTree = "<group>";
		};
		552B55832C7B6D2E00F0C7FD /* 10__CMD_iOS */ = {
			isa = PBXGroup;
			children = (
				3561B7422C81B376009C4B2A /* Notice */,
				552B55842C7B6D2E00F0C7FD /* AppDelegate.swift */,
				552B55862C7B6D2E00F0C7FD /* SceneDelegate.swift */,
				552B55882C7B6D2E00F0C7FD /* LoginViewController.swift */,
				552B55982C7BFCB700F0C7FD /* SignUpViewController.swift */,
				5580004E2C7D970C00A38D82 /* MenuViewController.swift */,
				5580004C2C7D96FB00A38D82 /* CheckMenuViewController.swift */,
				552B558D2C7B6D2F00F0C7FD /* Assets.xcassets */,
				552B558F2C7B6D2F00F0C7FD /* LaunchScreen.storyboard */,
				552B55922C7B6D2F00F0C7FD /* Info.plist */,
			);
			path = 10__CMD_iOS;
			sourceTree = "<group>";
		};
/* End PBXGroup section */

/* Begin PBXNativeTarget section */
		552B55802C7B6D2E00F0C7FD /* 10__CMD_iOS */ = {
			isa = PBXNativeTarget;
			buildConfigurationList = 552B55952C7B6D2F00F0C7FD /* Build configuration list for PBXNativeTarget "10__CMD_iOS" */;
			buildPhases = (
				552B557D2C7B6D2E00F0C7FD /* Sources */,
				552B557E2C7B6D2E00F0C7FD /* Frameworks */,
				552B557F2C7B6D2E00F0C7FD /* Resources */,
			);
			buildRules = (
			);
			dependencies = (
			);
			name = 10__CMD_iOS;
			packageProductDependencies = (
				552B559B2C7BFCE400F0C7FD /* SnapKit */,
				552B559E2C7BFCEA00F0C7FD /* Then */,
			);
			productName = 10__CMD_iOS;
			productReference = 552B55812C7B6D2E00F0C7FD /* 10__CMD_iOS.app */;
			productType = "com.apple.product-type.application";
		};
/* End PBXNativeTarget section */

/* Begin PBXProject section */
		552B55792C7B6D2E00F0C7FD /* Project object */ = {
			isa = PBXProject;
			attributes = {
				BuildIndependentTargetsInParallel = 1;
				LastSwiftUpdateCheck = 1540;
				LastUpgradeCheck = 1540;
				TargetAttributes = {
					552B55802C7B6D2E00F0C7FD = {
						CreatedOnToolsVersion = 15.4;
					};
				};
			};
			buildConfigurationList = 552B557C2C7B6D2E00F0C7FD /* Build configuration list for PBXProject "10__CMD_iOS" */;
			compatibilityVersion = "Xcode 14.0";
			developmentRegion = en;
			hasScannedForEncodings = 0;
			knownRegions = (
				en,
				Base,
			);
			mainGroup = 552B55782C7B6D2E00F0C7FD;
			packageReferences = (
				552B559A2C7BFCE400F0C7FD /* XCRemoteSwiftPackageReference "SnapKit" */,
				552B559D2C7BFCEA00F0C7FD /* XCRemoteSwiftPackageReference "Then" */,
			);
			productRefGroup = 552B55822C7B6D2E00F0C7FD /* Products */;
			projectDirPath = "";
			projectRoot = "";
			targets = (
				552B55802C7B6D2E00F0C7FD /* 10__CMD_iOS */,
			);
		};
/* End PBXProject section */

/* Begin PBXResourcesBuildPhase section */
		552B557F2C7B6D2E00F0C7FD /* Resources */ = {
			isa = PBXResourcesBuildPhase;
			buildActionMask = 2147483647;
			files = (
				552B558E2C7B6D2F00F0C7FD /* Assets.xcassets in Resources */,
				552B55912C7B6D2F00F0C7FD /* Base in Resources */,
			);
			runOnlyForDeploymentPostprocessing = 0;
		};
/* End PBXResourcesBuildPhase section */

/* Begin PBXSourcesBuildPhase section */
		552B557D2C7B6D2E00F0C7FD /* Sources */ = {
			isa = PBXSourcesBuildPhase;
			buildActionMask = 2147483647;
			files = (
				552B55892C7B6D2E00F0C7FD /* LoginViewController.swift in Sources */,
				5580004F2C7D970C00A38D82 /* MenuViewController.swift in Sources */,
				5580004D2C7D96FB00A38D82 /* CheckMenuViewController.swift in Sources */,
				3561B7442C81B3AC009C4B2A /* NoticeViewController.swift in Sources */,
				3561B7462C81B3D6009C4B2A /* NoticeContentsViewController.swift in Sources */,
				552B55852C7B6D2E00F0C7FD /* AppDelegate.swift in Sources */,
				552B55992C7BFCB700F0C7FD /* SignUpViewController.swift in Sources */,
				552B55872C7B6D2E00F0C7FD /* SceneDelegate.swift in Sources */,
			);
			runOnlyForDeploymentPostprocessing = 0;
		};
/* End PBXSourcesBuildPhase section */

/* Begin PBXVariantGroup section */
		552B558F2C7B6D2F00F0C7FD /* LaunchScreen.storyboard */ = {
			isa = PBXVariantGroup;
			children = (
				552B55902C7B6D2F00F0C7FD /* Base */,
			);
			name = LaunchScreen.storyboard;
			sourceTree = "<group>";
		};
/* End PBXVariantGroup section */

/* Begin XCBuildConfiguration section */
		552B55932C7B6D2F00F0C7FD /* Debug */ = {
			isa = XCBuildConfiguration;
			buildSettings = {
				ALWAYS_SEARCH_USER_PATHS = NO;
				ASSETCATALOG_COMPILER_GENERATE_SWIFT_ASSET_SYMBOL_EXTENSIONS = YES;
				CLANG_ANALYZER_NONNULL = YES;
				CLANG_ANALYZER_NUMBER_OBJECT_CONVERSION = YES_AGGRESSIVE;
				CLANG_CXX_LANGUAGE_STANDARD = "gnu++20";
				CLANG_ENABLE_MODULES = YES;
				CLANG_ENABLE_OBJC_ARC = YES;
				CLANG_ENABLE_OBJC_WEAK = YES;
				CLANG_WARN_BLOCK_CAPTURE_AUTORELEASING = YES;
				CLANG_WARN_BOOL_CONVERSION = YES;
				CLANG_WARN_COMMA = YES;
				CLANG_WARN_CONSTANT_CONVERSION = YES;
				CLANG_WARN_DEPRECATED_OBJC_IMPLEMENTATIONS = YES;
				CLANG_WARN_DIRECT_OBJC_ISA_USAGE = YES_ERROR;
				CLANG_WARN_DOCUMENTATION_COMMENTS = YES;
				CLANG_WARN_EMPTY_BODY = YES;
				CLANG_WARN_ENUM_CONVERSION = YES;
				CLANG_WARN_INFINITE_RECURSION = YES;
				CLANG_WARN_INT_CONVERSION = YES;
				CLANG_WARN_NON_LITERAL_NULL_CONVERSION = YES;
				CLANG_WARN_OBJC_IMPLICIT_RETAIN_SELF = YES;
				CLANG_WARN_OBJC_LITERAL_CONVERSION = YES;
				CLANG_WARN_OBJC_ROOT_CLASS = YES_ERROR;
				CLANG_WARN_QUOTED_INCLUDE_IN_FRAMEWORK_HEADER = YES;
				CLANG_WARN_RANGE_LOOP_ANALYSIS = YES;
				CLANG_WARN_STRICT_PROTOTYPES = YES;
				CLANG_WARN_SUSPICIOUS_MOVE = YES;
				CLANG_WARN_UNGUARDED_AVAILABILITY = YES_AGGRESSIVE;
				CLANG_WARN_UNREACHABLE_CODE = YES;
				CLANG_WARN__DUPLICATE_METHOD_MATCH = YES;
				COPY_PHASE_STRIP = NO;
				DEBUG_INFORMATION_FORMAT = dwarf;
				ENABLE_STRICT_OBJC_MSGSEND = YES;
				ENABLE_TESTABILITY = YES;
				ENABLE_USER_SCRIPT_SANDBOXING = YES;
				GCC_C_LANGUAGE_STANDARD = gnu17;
				GCC_DYNAMIC_NO_PIC = NO;
				GCC_NO_COMMON_BLOCKS = YES;
				GCC_OPTIMIZATION_LEVEL = 0;
				GCC_PREPROCESSOR_DEFINITIONS = (
					"DEBUG=1",
					"$(inherited)",
				);
				GCC_WARN_64_TO_32_BIT_CONVERSION = YES;
				GCC_WARN_ABOUT_RETURN_TYPE = YES_ERROR;
				GCC_WARN_UNDECLARED_SELECTOR = YES;
				GCC_WARN_UNINITIALIZED_AUTOS = YES_AGGRESSIVE;
				GCC_WARN_UNUSED_FUNCTION = YES;
				GCC_WARN_UNUSED_VARIABLE = YES;
				IPHONEOS_DEPLOYMENT_TARGET = 17.5;
				LOCALIZATION_PREFERS_STRING_CATALOGS = YES;
				MTL_ENABLE_DEBUG_INFO = INCLUDE_SOURCE;
				MTL_FAST_MATH = YES;
				ONLY_ACTIVE_ARCH = YES;
				SDKROOT = iphoneos;
				SWIFT_ACTIVE_COMPILATION_CONDITIONS = "DEBUG $(inherited)";
				SWIFT_OPTIMIZATION_LEVEL = "-Onone";
			};
			name = Debug;
		};
		552B55942C7B6D2F00F0C7FD /* Release */ = {
			isa = XCBuildConfiguration;
			buildSettings = {
				ALWAYS_SEARCH_USER_PATHS = NO;
				ASSETCATALOG_COMPILER_GENERATE_SWIFT_ASSET_SYMBOL_EXTENSIONS = YES;
				CLANG_ANALYZER_NONNULL = YES;
				CLANG_ANALYZER_NUMBER_OBJECT_CONVERSION = YES_AGGRESSIVE;
				CLANG_CXX_LANGUAGE_STANDARD = "gnu++20";
				CLANG_ENABLE_MODULES = YES;
				CLANG_ENABLE_OBJC_ARC = YES;
				CLANG_ENABLE_OBJC_WEAK = YES;
				CLANG_WARN_BLOCK_CAPTURE_AUTORELEASING = YES;
				CLANG_WARN_BOOL_CONVERSION = YES;
				CLANG_WARN_COMMA = YES;
				CLANG_WARN_CONSTANT_CONVERSION = YES;
				CLANG_WARN_DEPRECATED_OBJC_IMPLEMENTATIONS = YES;
				CLANG_WARN_DIRECT_OBJC_ISA_USAGE = YES_ERROR;
				CLANG_WARN_DOCUMENTATION_COMMENTS = YES;
				CLANG_WARN_EMPTY_BODY = YES;
				CLANG_WARN_ENUM_CONVERSION = YES;
				CLANG_WARN_INFINITE_RECURSION = YES;
				CLANG_WARN_INT_CONVERSION = YES;
				CLANG_WARN_NON_LITERAL_NULL_CONVERSION = YES;
				CLANG_WARN_OBJC_IMPLICIT_RETAIN_SELF = YES;
				CLANG_WARN_OBJC_LITERAL_CONVERSION = YES;
				CLANG_WARN_OBJC_ROOT_CLASS = YES_ERROR;
				CLANG_WARN_QUOTED_INCLUDE_IN_FRAMEWORK_HEADER = YES;
				CLANG_WARN_RANGE_LOOP_ANALYSIS = YES;
				CLANG_WARN_STRICT_PROTOTYPES = YES;
				CLANG_WARN_SUSPICIOUS_MOVE = YES;
				CLANG_WARN_UNGUARDED_AVAILABILITY = YES_AGGRESSIVE;
				CLANG_WARN_UNREACHABLE_CODE = YES;
				CLANG_WARN__DUPLICATE_METHOD_MATCH = YES;
				COPY_PHASE_STRIP = NO;
				DEBUG_INFORMATION_FORMAT = "dwarf-with-dsym";
				ENABLE_NS_ASSERTIONS = NO;
				ENABLE_STRICT_OBJC_MSGSEND = YES;
				ENABLE_USER_SCRIPT_SANDBOXING = YES;
				GCC_C_LANGUAGE_STANDARD = gnu17;
				GCC_NO_COMMON_BLOCKS = YES;
				GCC_WARN_64_TO_32_BIT_CONVERSION = YES;
				GCC_WARN_ABOUT_RETURN_TYPE = YES_ERROR;
				GCC_WARN_UNDECLARED_SELECTOR = YES;
				GCC_WARN_UNINITIALIZED_AUTOS = YES_AGGRESSIVE;
				GCC_WARN_UNUSED_FUNCTION = YES;
				GCC_WARN_UNUSED_VARIABLE = YES;
				IPHONEOS_DEPLOYMENT_TARGET = 17.5;
				LOCALIZATION_PREFERS_STRING_CATALOGS = YES;
				MTL_ENABLE_DEBUG_INFO = NO;
				MTL_FAST_MATH = YES;
				SDKROOT = iphoneos;
				SWIFT_COMPILATION_MODE = wholemodule;
				VALIDATE_PRODUCT = YES;
			};
			name = Release;
		};
		552B55962C7B6D2F00F0C7FD /* Debug */ = {
			isa = XCBuildConfiguration;
			buildSettings = {
				ASSETCATALOG_COMPILER_APPICON_NAME = AppIcon;
				ASSETCATALOG_COMPILER_GLOBAL_ACCENT_COLOR_NAME = AccentColor;
				CODE_SIGN_STYLE = Automatic;
				CURRENT_PROJECT_VERSION = 1;
				GENERATE_INFOPLIST_FILE = YES;
				IBSC_FLATTEN_NIBS = NO;
				INFOPLIST_FILE = 10__CMD_iOS/Info.plist;
				INFOPLIST_KEY_UIApplicationSupportsIndirectInputEvents = YES;
				INFOPLIST_KEY_UILaunchStoryboardName = LaunchScreen;
				INFOPLIST_KEY_UISupportedInterfaceOrientations_iPad = "UIInterfaceOrientationPortrait UIInterfaceOrientationPortraitUpsideDown UIInterfaceOrientationLandscapeLeft UIInterfaceOrientationLandscapeRight";
				INFOPLIST_KEY_UISupportedInterfaceOrientations_iPhone = "UIInterfaceOrientationPortrait UIInterfaceOrientationLandscapeLeft UIInterfaceOrientationLandscapeRight";
				LD_RUNPATH_SEARCH_PATHS = (
					"$(inherited)",
					"@executable_path/Frameworks",
				);
				MARKETING_VERSION = 1.0;
				PRODUCT_BUNDLE_IDENTIFIER = "DMS.-0--CMD-iOS";
				PRODUCT_NAME = "$(TARGET_NAME)";
				SWIFT_EMIT_LOC_STRINGS = YES;
				SWIFT_VERSION = 5.0;
				TARGETED_DEVICE_FAMILY = "1,2";
			};
			name = Debug;
		};
		552B55972C7B6D2F00F0C7FD /* Release */ = {
			isa = XCBuildConfiguration;
			buildSettings = {
				ASSETCATALOG_COMPILER_APPICON_NAME = AppIcon;
				ASSETCATALOG_COMPILER_GLOBAL_ACCENT_COLOR_NAME = AccentColor;
				CODE_SIGN_STYLE = Automatic;
				CURRENT_PROJECT_VERSION = 1;
				GENERATE_INFOPLIST_FILE = YES;
				IBSC_FLATTEN_NIBS = NO;
				INFOPLIST_FILE = 10__CMD_iOS/Info.plist;
				INFOPLIST_KEY_UIApplicationSupportsIndirectInputEvents = YES;
				INFOPLIST_KEY_UILaunchStoryboardName = LaunchScreen;
				INFOPLIST_KEY_UISupportedInterfaceOrientations_iPad = "UIInterfaceOrientationPortrait UIInterfaceOrientationPortraitUpsideDown UIInterfaceOrientationLandscapeLeft UIInterfaceOrientationLandscapeRight";
				INFOPLIST_KEY_UISupportedInterfaceOrientations_iPhone = "UIInterfaceOrientationPortrait UIInterfaceOrientationLandscapeLeft UIInterfaceOrientationLandscapeRight";
				LD_RUNPATH_SEARCH_PATHS = (
					"$(inherited)",
					"@executable_path/Frameworks",
				);
				MARKETING_VERSION = 1.0;
				PRODUCT_BUNDLE_IDENTIFIER = "DMS.-0--CMD-iOS";
				PRODUCT_NAME = "$(TARGET_NAME)";
				SWIFT_EMIT_LOC_STRINGS = YES;
				SWIFT_VERSION = 5.0;
				TARGETED_DEVICE_FAMILY = "1,2";
			};
			name = Release;
		};
/* End XCBuildConfiguration section */

/* Begin XCConfigurationList section */
		552B557C2C7B6D2E00F0C7FD /* Build configuration list for PBXProject "10__CMD_iOS" */ = {
			isa = XCConfigurationList;
			buildConfigurations = (
				552B55932C7B6D2F00F0C7FD /* Debug */,
				552B55942C7B6D2F00F0C7FD /* Release */,
			);
			defaultConfigurationIsVisible = 0;
			defaultConfigurationName = Release;
		};
		552B55952C7B6D2F00F0C7FD /* Build configuration list for PBXNativeTarget "10__CMD_iOS" */ = {
			isa = XCConfigurationList;
			buildConfigurations = (
				552B55962C7B6D2F00F0C7FD /* Debug */,
				552B55972C7B6D2F00F0C7FD /* Release */,
			);
			defaultConfigurationIsVisible = 0;
			defaultConfigurationName = Release;
		};
/* End XCConfigurationList section */

/* Begin XCRemoteSwiftPackageReference section */
		552B559A2C7BFCE400F0C7FD /* XCRemoteSwiftPackageReference "SnapKit" */ = {
			isa = XCRemoteSwiftPackageReference;
			repositoryURL = "https://github.com/SnapKit/SnapKit";
			requirement = {
				kind = upToNextMajorVersion;
				minimumVersion = 5.7.1;
			};
		};
		552B559D2C7BFCEA00F0C7FD /* XCRemoteSwiftPackageReference "Then" */ = {
			isa = XCRemoteSwiftPackageReference;
			repositoryURL = "https://github.com/devxoul/Then";
			requirement = {
				kind = upToNextMajorVersion;
				minimumVersion = 3.0.0;
			};
		};
/* End XCRemoteSwiftPackageReference section */

/* Begin XCSwiftPackageProductDependency section */
		552B559B2C7BFCE400F0C7FD /* SnapKit */ = {
			isa = XCSwiftPackageProductDependency;
			package = 552B559A2C7BFCE400F0C7FD /* XCRemoteSwiftPackageReference "SnapKit" */;
			productName = SnapKit;
		};
		552B559E2C7BFCEA00F0C7FD /* Then */ = {
			isa = XCSwiftPackageProductDependency;
			package = 552B559D2C7BFCEA00F0C7FD /* XCRemoteSwiftPackageReference "Then" */;
			productName = Then;
		};
/* End XCSwiftPackageProductDependency section */
	};
	rootObject = 552B55792C7B6D2E00F0C7FD /* Project object */;
}
